
Microsoft Visual Studio Solution File, Format Version 12.00
# Visual Studio Version 17
VisualStudioVersion = 17.3.32804.467
MinimumVisualStudioVersion = 10.0.40219.1
Project("{FAE04EC0-301F-11D3-BF4B-00C04F79EFBC}") = "TechnicalAssessment.Core", "TechnicalAssessment.Core\TechnicalAssessment.Core.csproj", "{0AC1296D-17FB-4F2D-96AB-EAAD0D16CFA0}"
EndProject
Project("{2150E333-8FDC-42A3-9474-1A3956D46DE8}") = "Src", "Src", "{DC1B3328-B588-4861-8D8F-EA868F970503}"
EndProject
Project("{2150E333-8FDC-42A3-9474-1A3956D46DE8}") = "Tests", "Tests", "{3015C3A7-6761-44C1-9AB5-5F1641956BAF}"
EndProject
Project("{FAE04EC0-301F-11D3-BF4B-00C04F79EFBC}") = "TechnicalAssessment.Infrastructure", "TechnicalAssessment.Infrastructure\TechnicalAssessment.Infrastructure.csproj", "{DF2F6628-6601-46C0-A646-0FC453E63AF8}"
EndProject
Project("{FAE04EC0-301F-11D3-BF4B-00C04F79EFBC}") = "TechnicalAssessment.Persistance", "TechnicalAssessment.Persistance\TechnicalAssessment.Persistance.csproj", "{756E0106-AC0E-45F1-B188-F82FFB2FBF53}"
EndProject
Global
	GlobalSection(SolutionConfigurationPlatforms) = preSolution
		Debug|Any CPU = Debug|Any CPU
		Release|Any CPU = Release|Any CPU
	EndGlobalSection
	GlobalSection(ProjectConfigurationPlatforms) = postSolution
		{0AC1296D-17FB-4F2D-96AB-EAAD0D16CFA0}.Debug|Any CPU.ActiveCfg = Debug|Any CPU
		{0AC1296D-17FB-4F2D-96AB-EAAD0D16CFA0}.Debug|Any CPU.Build.0 = Debug|Any CPU
		{0AC1296D-17FB-4F2D-96AB-EAAD0D16CFA0}.Release|Any CPU.ActiveCfg = Release|Any CPU
		{0AC1296D-17FB-4F2D-96AB-EAAD0D16CFA0}.Release|Any CPU.Build.0 = Release|Any CPU
		{DF2F6628-6601-46C0-A646-0FC453E63AF8}.Debug|Any CPU.ActiveCfg = Debug|Any CPU
		{DF2F6628-6601-46C0-A646-0FC453E63AF8}.Debug|Any CPU.Build.0 = Debug|Any CPU
		{DF2F6628-6601-46C0-A646-0FC453E63AF8}.Release|Any CPU.ActiveCfg = Release|Any CPU
		{DF2F6628-6601-46C0-A646-0FC453E63AF8}.Release|Any CPU.Build.0 = Release|Any CPU
		{756E0106-AC0E-45F1-B188-F82FFB2FBF53}.Debug|Any CPU.ActiveCfg = Debug|Any CPU
		{756E0106-AC0E-45F1-B188-F82FFB2FBF53}.Debug|Any CPU.Build.0 = Debug|Any CPU
		{756E0106-AC0E-45F1-B188-F82FFB2FBF53}.Release|Any CPU.ActiveCfg = Release|Any CPU
		{756E0106-AC0E-45F1-B188-F82FFB2FBF53}.Release|Any CPU.Build.0 = Release|Any CPU
	EndGlobalSection
	GlobalSection(SolutionProperties) = preSolution
		HideSolutionNode = FALSE
	EndGlobalSection
	GlobalSection(NestedProjects) = preSolution
		{0AC1296D-17FB-4F2D-96AB-EAAD0D16CFA0} = {DC1B3328-B588-4861-8D8F-EA868F970503}
		{DF2F6628-6601-46C0-A646-0FC453E63AF8} = {DC1B3328-B588-4861-8D8F-EA868F970503}
		{756E0106-AC0E-45F1-B188-F82FFB2FBF53} = {DC1B3328-B588-4861-8D8F-EA868F970503}
	EndGlobalSection
	GlobalSection(ExtensibilityGlobals) = postSolution
		SolutionGuid = {75BAF89F-BD67-4721-ADD2-56AC00A05CF1}
	EndGlobalSection
EndGlobal
